// !$*UTF8*$!
{
	archiveVersion = 1;
	classes = {
	};
	objectVersion = 56;
	objects = {

/* Begin PBXBuildFile section */
		F95CF9232AB92AA90020EE18 /* TodoModel.xcdatamodeld in Sources */ = {isa = PBXBuildFile; fileRef = F95CF9212AB92AA90020EE18 /* TodoModel.xcdatamodeld */; };
		F95CF9282AB92DCB0020EE18 /* Category+CoreDataClass.swift in Sources */ = {isa = PBXBuildFile; fileRef = F95CF9242AB92DCB0020EE18 /* Category+CoreDataClass.swift */; };
		F95CF9292AB92DCB0020EE18 /* Category+CoreDataProperties.swift in Sources */ = {isa = PBXBuildFile; fileRef = F95CF9252AB92DCB0020EE18 /* Category+CoreDataProperties.swift */; };
		F95CF92A2AB92DCB0020EE18 /* Task+CoreDataClass.swift in Sources */ = {isa = PBXBuildFile; fileRef = F95CF9262AB92DCB0020EE18 /* Task+CoreDataClass.swift */; };
		F95CF92B2AB92DCB0020EE18 /* Task+CoreDataProperties.swift in Sources */ = {isa = PBXBuildFile; fileRef = F95CF9272AB92DCB0020EE18 /* Task+CoreDataProperties.swift */; };
		F95CF92D2AB9347D0020EE18 /* ProfileManager.swift in Sources */ = {isa = PBXBuildFile; fileRef = F95CF92C2AB9347D0020EE18 /* ProfileManager.swift */; };
		F95CF92F2AB9CA610020EE18 /* MainCodinator.swift in Sources */ = {isa = PBXBuildFile; fileRef = F95CF92E2AB9CA610020EE18 /* MainCodinator.swift */; };
		F95CF9322AB9CD260020EE18 /* CompletedCoordinator.swift in Sources */ = {isa = PBXBuildFile; fileRef = F95CF9312AB9CD260020EE18 /* CompletedCoordinator.swift */; };
		F95CF9342AB9D0490020EE18 /* TodoCoordinator.swift in Sources */ = {isa = PBXBuildFile; fileRef = F95CF9332AB9D0490020EE18 /* TodoCoordinator.swift */; };
		F95CF9362AB9D0F30020EE18 /* ProfileCoordinator.swift in Sources */ = {isa = PBXBuildFile; fileRef = F95CF9352AB9D0F30020EE18 /* ProfileCoordinator.swift */; };
		F95CF9382AB9D22D0020EE18 /* DetailCoordinator.swift in Sources */ = {isa = PBXBuildFile; fileRef = F95CF9372AB9D22D0020EE18 /* DetailCoordinator.swift */; };
		F9675E6C2AB756F2006974E7 /* ProfileView.swift in Sources */ = {isa = PBXBuildFile; fileRef = F9675E6B2AB756F2006974E7 /* ProfileView.swift */; };
		F9675E6E2AB82888006974E7 /* CollectionFooterView.swift in Sources */ = {isa = PBXBuildFile; fileRef = F9675E6D2AB82888006974E7 /* CollectionFooterView.swift */; };
		F9D3EED62AB6F4BC00CD0310 /* AppDelegate.swift in Sources */ = {isa = PBXBuildFile; fileRef = F9D3EED52AB6F4BC00CD0310 /* AppDelegate.swift */; };
		F9D3EED82AB6F4BC00CD0310 /* SceneDelegate.swift in Sources */ = {isa = PBXBuildFile; fileRef = F9D3EED72AB6F4BC00CD0310 /* SceneDelegate.swift */; };
		F9D3EEDD2AB6F4BC00CD0310 /* Main.storyboard in Resources */ = {isa = PBXBuildFile; fileRef = F9D3EEDB2AB6F4BC00CD0310 /* Main.storyboard */; };
		F9D3EEDF2AB6F4BE00CD0310 /* Assets.xcassets in Resources */ = {isa = PBXBuildFile; fileRef = F9D3EEDE2AB6F4BE00CD0310 /* Assets.xcassets */; };
		F9D3EEE22AB6F4BE00CD0310 /* LaunchScreen.storyboard in Resources */ = {isa = PBXBuildFile; fileRef = F9D3EEE02AB6F4BE00CD0310 /* LaunchScreen.storyboard */; };
		F9D3EEF42AB6F57700CD0310 /* CoreDatamanager.swift in Sources */ = {isa = PBXBuildFile; fileRef = F9D3EEF32AB6F57700CD0310 /* CoreDatamanager.swift */; };
		F9D3EEF62AB6F58400CD0310 /* ViewModel.swift in Sources */ = {isa = PBXBuildFile; fileRef = F9D3EEF52AB6F58400CD0310 /* ViewModel.swift */; };
		F9D3EEF82AB6F59300CD0310 /* Coordinator.swift in Sources */ = {isa = PBXBuildFile; fileRef = F9D3EEF72AB6F59300CD0310 /* Coordinator.swift */; };
		F9D3EEFA2AB6F5A400CD0310 /* MainViewController.swift in Sources */ = {isa = PBXBuildFile; fileRef = F9D3EEF92AB6F5A400CD0310 /* MainViewController.swift */; };
		F9D3EEFC2AB6F5AE00CD0310 /* TodoViewController.swift in Sources */ = {isa = PBXBuildFile; fileRef = F9D3EEFB2AB6F5AE00CD0310 /* TodoViewController.swift */; };
		F9D3EEFE2AB6F5B400CD0310 /* DetailViewController.swift in Sources */ = {isa = PBXBuildFile; fileRef = F9D3EEFD2AB6F5B400CD0310 /* DetailViewController.swift */; };
		F9D3EF002AB6F5C300CD0310 /* CompletedViewController.swift in Sources */ = {isa = PBXBuildFile; fileRef = F9D3EEFF2AB6F5C300CD0310 /* CompletedViewController.swift */; };
		F9D3EF022AB6F5D500CD0310 /* ProfileViewController.swift in Sources */ = {isa = PBXBuildFile; fileRef = F9D3EF012AB6F5D500CD0310 /* ProfileViewController.swift */; };
		F9D3EF042AB6F5EB00CD0310 /* MainView.swift in Sources */ = {isa = PBXBuildFile; fileRef = F9D3EF032AB6F5EB00CD0310 /* MainView.swift */; };
		F9D3EF062AB6F5F700CD0310 /* DetailView.swift in Sources */ = {isa = PBXBuildFile; fileRef = F9D3EF052AB6F5F700CD0310 /* DetailView.swift */; };
		F9D3EF082AB6F61F00CD0310 /* TodoTableViewCell.swift in Sources */ = {isa = PBXBuildFile; fileRef = F9D3EF072AB6F61F00CD0310 /* TodoTableViewCell.swift */; };
		F9D3EF0C2AB6F63500CD0310 /* CompletedTableViewCell.swift in Sources */ = {isa = PBXBuildFile; fileRef = F9D3EF0B2AB6F63500CD0310 /* CompletedTableViewCell.swift */; };
		F9D3EF0E2AB6F64A00CD0310 /* ProfileCollectionViewCell.swift in Sources */ = {isa = PBXBuildFile; fileRef = F9D3EF0D2AB6F64A00CD0310 /* ProfileCollectionViewCell.swift */; };
		F9D3EF102AB6F6C200CD0310 /* .gitignore in Resources */ = {isa = PBXBuildFile; fileRef = F9D3EF0F2AB6F6C200CD0310 /* .gitignore */; };
/* End PBXBuildFile section */

/* Begin PBXFileReference section */
		F95CF9222AB92AA90020EE18 /* TodoModel.xcdatamodel */ = {isa = PBXFileReference; lastKnownFileType = wrapper.xcdatamodel; path = TodoModel.xcdatamodel; sourceTree = "<group>"; };
		F95CF9242AB92DCB0020EE18 /* Category+CoreDataClass.swift */ = {isa = PBXFileReference; lastKnownFileType = sourcecode.swift; path = "Category+CoreDataClass.swift"; sourceTree = "<group>"; };
		F95CF9252AB92DCB0020EE18 /* Category+CoreDataProperties.swift */ = {isa = PBXFileReference; lastKnownFileType = sourcecode.swift; path = "Category+CoreDataProperties.swift"; sourceTree = "<group>"; };
		F95CF9262AB92DCB0020EE18 /* Task+CoreDataClass.swift */ = {isa = PBXFileReference; lastKnownFileType = sourcecode.swift; path = "Task+CoreDataClass.swift"; sourceTree = "<group>"; };
		F95CF9272AB92DCB0020EE18 /* Task+CoreDataProperties.swift */ = {isa = PBXFileReference; lastKnownFileType = sourcecode.swift; path = "Task+CoreDataProperties.swift"; sourceTree = "<group>"; };
		F95CF92C2AB9347D0020EE18 /* ProfileManager.swift */ = {isa = PBXFileReference; lastKnownFileType = sourcecode.swift; path = ProfileManager.swift; sourceTree = "<group>"; };
		F95CF92E2AB9CA610020EE18 /* MainCodinator.swift */ = {isa = PBXFileReference; lastKnownFileType = sourcecode.swift; path = MainCodinator.swift; sourceTree = "<group>"; };
		F95CF9312AB9CD260020EE18 /* CompletedCoordinator.swift */ = {isa = PBXFileReference; lastKnownFileType = sourcecode.swift; path = CompletedCoordinator.swift; sourceTree = "<group>"; };
		F95CF9332AB9D0490020EE18 /* TodoCoordinator.swift */ = {isa = PBXFileReference; lastKnownFileType = sourcecode.swift; path = TodoCoordinator.swift; sourceTree = "<group>"; };
		F95CF9352AB9D0F30020EE18 /* ProfileCoordinator.swift */ = {isa = PBXFileReference; lastKnownFileType = sourcecode.swift; path = ProfileCoordinator.swift; sourceTree = "<group>"; };
		F95CF9372AB9D22D0020EE18 /* DetailCoordinator.swift */ = {isa = PBXFileReference; lastKnownFileType = sourcecode.swift; path = DetailCoordinator.swift; sourceTree = "<group>"; };
		F9675E6B2AB756F2006974E7 /* ProfileView.swift */ = {isa = PBXFileReference; lastKnownFileType = sourcecode.swift; path = ProfileView.swift; sourceTree = "<group>"; };
		F9675E6D2AB82888006974E7 /* CollectionFooterView.swift */ = {isa = PBXFileReference; lastKnownFileType = sourcecode.swift; path = CollectionFooterView.swift; sourceTree = "<group>"; };
		F9D3EED22AB6F4BC00CD0310 /* coredataTotoList.app */ = {isa = PBXFileReference; explicitFileType = wrapper.application; includeInIndex = 0; path = coredataTotoList.app; sourceTree = BUILT_PRODUCTS_DIR; };
		F9D3EED52AB6F4BC00CD0310 /* AppDelegate.swift */ = {isa = PBXFileReference; lastKnownFileType = sourcecode.swift; path = AppDelegate.swift; sourceTree = "<group>"; };
		F9D3EED72AB6F4BC00CD0310 /* SceneDelegate.swift */ = {isa = PBXFileReference; lastKnownFileType = sourcecode.swift; path = SceneDelegate.swift; sourceTree = "<group>"; };
		F9D3EEDC2AB6F4BC00CD0310 /* Base */ = {isa = PBXFileReference; lastKnownFileType = file.storyboard; name = Base; path = Base.lproj/Main.storyboard; sourceTree = "<group>"; };
		F9D3EEDE2AB6F4BE00CD0310 /* Assets.xcassets */ = {isa = PBXFileReference; lastKnownFileType = folder.assetcatalog; path = Assets.xcassets; sourceTree = "<group>"; };
		F9D3EEE12AB6F4BE00CD0310 /* Base */ = {isa = PBXFileReference; lastKnownFileType = file.storyboard; name = Base; path = Base.lproj/LaunchScreen.storyboard; sourceTree = "<group>"; };
		F9D3EEE32AB6F4BE00CD0310 /* Info.plist */ = {isa = PBXFileReference; lastKnownFileType = text.plist.xml; path = Info.plist; sourceTree = "<group>"; };
		F9D3EEF32AB6F57700CD0310 /* CoreDatamanager.swift */ = {isa = PBXFileReference; lastKnownFileType = sourcecode.swift; path = CoreDatamanager.swift; sourceTree = "<group>"; };
		F9D3EEF52AB6F58400CD0310 /* ViewModel.swift */ = {isa = PBXFileReference; lastKnownFileType = sourcecode.swift; path = ViewModel.swift; sourceTree = "<group>"; };
		F9D3EEF72AB6F59300CD0310 /* Coordinator.swift */ = {isa = PBXFileReference; lastKnownFileType = sourcecode.swift; path = Coordinator.swift; sourceTree = "<group>"; };
		F9D3EEF92AB6F5A400CD0310 /* MainViewController.swift */ = {isa = PBXFileReference; lastKnownFileType = sourcecode.swift; path = MainViewController.swift; sourceTree = "<group>"; };
		F9D3EEFB2AB6F5AE00CD0310 /* TodoViewController.swift */ = {isa = PBXFileReference; lastKnownFileType = sourcecode.swift; path = TodoViewController.swift; sourceTree = "<group>"; };
		F9D3EEFD2AB6F5B400CD0310 /* DetailViewController.swift */ = {isa = PBXFileReference; lastKnownFileType = sourcecode.swift; path = DetailViewController.swift; sourceTree = "<group>"; };
		F9D3EEFF2AB6F5C300CD0310 /* CompletedViewController.swift */ = {isa = PBXFileReference; lastKnownFileType = sourcecode.swift; path = CompletedViewController.swift; sourceTree = "<group>"; };
		F9D3EF012AB6F5D500CD0310 /* ProfileViewController.swift */ = {isa = PBXFileReference; lastKnownFileType = sourcecode.swift; path = ProfileViewController.swift; sourceTree = "<group>"; };
		F9D3EF032AB6F5EB00CD0310 /* MainView.swift */ = {isa = PBXFileReference; lastKnownFileType = sourcecode.swift; path = MainView.swift; sourceTree = "<group>"; };
		F9D3EF052AB6F5F700CD0310 /* DetailView.swift */ = {isa = PBXFileReference; lastKnownFileType = sourcecode.swift; path = DetailView.swift; sourceTree = "<group>"; };
		F9D3EF072AB6F61F00CD0310 /* TodoTableViewCell.swift */ = {isa = PBXFileReference; lastKnownFileType = sourcecode.swift; path = TodoTableViewCell.swift; sourceTree = "<group>"; };
		F9D3EF0B2AB6F63500CD0310 /* CompletedTableViewCell.swift */ = {isa = PBXFileReference; lastKnownFileType = sourcecode.swift; path = CompletedTableViewCell.swift; sourceTree = "<group>"; };
		F9D3EF0D2AB6F64A00CD0310 /* ProfileCollectionViewCell.swift */ = {isa = PBXFileReference; lastKnownFileType = sourcecode.swift; path = ProfileCollectionViewCell.swift; sourceTree = "<group>"; };
		F9D3EF0F2AB6F6C200CD0310 /* .gitignore */ = {isa = PBXFileReference; lastKnownFileType = text; path = .gitignore; sourceTree = "<group>"; };
/* End PBXFileReference section */

/* Begin PBXFrameworksBuildPhase section */
		F9D3EECF2AB6F4BC00CD0310 /* Frameworks */ = {
			isa = PBXFrameworksBuildPhase;
			buildActionMask = 2147483647;
			files = (
			);
			runOnlyForDeploymentPostprocessing = 0;
		};
/* End PBXFrameworksBuildPhase section */

/* Begin PBXGroup section */
		F9D3EEC92AB6F4BB00CD0310 = {
			isa = PBXGroup;
			children = (
				F9D3EED42AB6F4BC00CD0310 /* coredataTotoList */,
				F9D3EED32AB6F4BC00CD0310 /* Products */,
			);
			sourceTree = "<group>";
		};
		F9D3EED32AB6F4BC00CD0310 /* Products */ = {
			isa = PBXGroup;
			children = (
				F9D3EED22AB6F4BC00CD0310 /* coredataTotoList.app */,
			);
			name = Products;
			sourceTree = "<group>";
		};
		F9D3EED42AB6F4BC00CD0310 /* coredataTotoList */ = {
			isa = PBXGroup;
			children = (
				F9D3EED52AB6F4BC00CD0310 /* AppDelegate.swift */,
				F9D3EED72AB6F4BC00CD0310 /* SceneDelegate.swift */,
				F9D3EEED2AB6F4E800CD0310 /* ModelManager */,
				F9D3EEEC2AB6F4DF00CD0310 /* ViewModel */,
				F9D3EEEB2AB6F4DC00CD0310 /* Entity */,
				F9D3EEEA2AB6F4D300CD0310 /* Coordinator */,
				F9D3EEE92AB6F4CF00CD0310 /* View */,
				F9D3EEDB2AB6F4BC00CD0310 /* Main.storyboard */,
				F9D3EEDE2AB6F4BE00CD0310 /* Assets.xcassets */,
				F9D3EEE02AB6F4BE00CD0310 /* LaunchScreen.storyboard */,
				F9D3EEE32AB6F4BE00CD0310 /* Info.plist */,
				F9D3EF0F2AB6F6C200CD0310 /* .gitignore */,
				F95CF9212AB92AA90020EE18 /* TodoModel.xcdatamodeld */,
			);
			path = coredataTotoList;
			sourceTree = "<group>";
		};
		F9D3EEE92AB6F4CF00CD0310 /* View */ = {
			isa = PBXGroup;
			children = (
				F9D3EEF22AB6F4FD00CD0310 /* MainPage */,
				F9D3EEF12AB6F4FA00CD0310 /* TodoPage */,
				F9D3EEF02AB6F4F700CD0310 /* DetailPage */,
				F9D3EEEF2AB6F4F300CD0310 /* CompletedPage */,
				F9D3EEEE2AB6F4F000CD0310 /* ProfilePage */,
			);
			path = View;
			sourceTree = "<group>";
		};
		F9D3EEEA2AB6F4D300CD0310 /* Coordinator */ = {
			isa = PBXGroup;
			children = (
				F9D3EEF72AB6F59300CD0310 /* Coordinator.swift */,
				F95CF92E2AB9CA610020EE18 /* MainCodinator.swift */,
				F95CF9332AB9D0490020EE18 /* TodoCoordinator.swift */,
				F95CF9372AB9D22D0020EE18 /* DetailCoordinator.swift */,
				F95CF9312AB9CD260020EE18 /* CompletedCoordinator.swift */,
				F95CF9352AB9D0F30020EE18 /* ProfileCoordinator.swift */,
			);
			path = Coordinator;
			sourceTree = "<group>";
		};
		F9D3EEEB2AB6F4DC00CD0310 /* Entity */ = {
			isa = PBXGroup;
			children = (
				F95CF9242AB92DCB0020EE18 /* Category+CoreDataClass.swift */,
				F95CF9252AB92DCB0020EE18 /* Category+CoreDataProperties.swift */,
				F95CF9262AB92DCB0020EE18 /* Task+CoreDataClass.swift */,
				F95CF9272AB92DCB0020EE18 /* Task+CoreDataProperties.swift */,
			);
			path = Entity;
			sourceTree = "<group>";
		};
		F9D3EEEC2AB6F4DF00CD0310 /* ViewModel */ = {
			isa = PBXGroup;
			children = (
				F9D3EEF52AB6F58400CD0310 /* ViewModel.swift */,
			);
			path = ViewModel;
			sourceTree = "<group>";
		};
		F9D3EEED2AB6F4E800CD0310 /* ModelManager */ = {
			isa = PBXGroup;
			children = (
				F9D3EEF32AB6F57700CD0310 /* CoreDatamanager.swift */,
				F95CF92C2AB9347D0020EE18 /* ProfileManager.swift */,
			);
			path = ModelManager;
			sourceTree = "<group>";
		};
		F9D3EEEE2AB6F4F000CD0310 /* ProfilePage */ = {
			isa = PBXGroup;
			children = (
				F9D3EF0D2AB6F64A00CD0310 /* ProfileCollectionViewCell.swift */,
				F9D3EF012AB6F5D500CD0310 /* ProfileViewController.swift */,
				F9675E6B2AB756F2006974E7 /* ProfileView.swift */,
				F9675E6D2AB82888006974E7 /* CollectionFooterView.swift */,
			);
			path = ProfilePage;
			sourceTree = "<group>";
		};
		F9D3EEEF2AB6F4F300CD0310 /* CompletedPage */ = {
			isa = PBXGroup;
			children = (
				F9D3EEFF2AB6F5C300CD0310 /* CompletedViewController.swift */,
				F9D3EF0B2AB6F63500CD0310 /* CompletedTableViewCell.swift */,
			);
			path = CompletedPage;
			sourceTree = "<group>";
		};
		F9D3EEF02AB6F4F700CD0310 /* DetailPage */ = {
			isa = PBXGroup;
			children = (
				F9D3EF052AB6F5F700CD0310 /* DetailView.swift */,
				F9D3EEFD2AB6F5B400CD0310 /* DetailViewController.swift */,
			);
			path = DetailPage;
			sourceTree = "<group>";
		};
		F9D3EEF12AB6F4FA00CD0310 /* TodoPage */ = {
			isa = PBXGroup;
			children = (
				F9D3EEFB2AB6F5AE00CD0310 /* TodoViewController.swift */,
				F9D3EF072AB6F61F00CD0310 /* TodoTableViewCell.swift */,
			);
			path = TodoPage;
			sourceTree = "<group>";
		};
		F9D3EEF22AB6F4FD00CD0310 /* MainPage */ = {
			isa = PBXGroup;
			children = (
				F9D3EEF92AB6F5A400CD0310 /* MainViewController.swift */,
				F9D3EF032AB6F5EB00CD0310 /* MainView.swift */,
			);
			path = MainPage;
			sourceTree = "<group>";
		};
/* End PBXGroup section */

/* Begin PBXNativeTarget section */
		F9D3EED12AB6F4BC00CD0310 /* coredataTotoList */ = {
			isa = PBXNativeTarget;
			buildConfigurationList = F9D3EEE62AB6F4BE00CD0310 /* Build configuration list for PBXNativeTarget "coredataTotoList" */;
			buildPhases = (
				F9D3EECE2AB6F4BC00CD0310 /* Sources */,
				F9D3EECF2AB6F4BC00CD0310 /* Frameworks */,
				F9D3EED02AB6F4BC00CD0310 /* Resources */,
			);
			buildRules = (
			);
			dependencies = (
			);
			name = coredataTotoList;
			productName = coredataTotoList;
			productReference = F9D3EED22AB6F4BC00CD0310 /* coredataTotoList.app */;
			productType = "com.apple.product-type.application";
		};
/* End PBXNativeTarget section */

/* Begin PBXProject section */
		F9D3EECA2AB6F4BB00CD0310 /* Project object */ = {
			isa = PBXProject;
			attributes = {
				BuildIndependentTargetsInParallel = 1;
				LastSwiftUpdateCheck = 1430;
				LastUpgradeCheck = 1430;
				TargetAttributes = {
					F9D3EED12AB6F4BC00CD0310 = {
						CreatedOnToolsVersion = 14.3.1;
					};
				};
			};
			buildConfigurationList = F9D3EECD2AB6F4BB00CD0310 /* Build configuration list for PBXProject "coredataTotoList" */;
			compatibilityVersion = "Xcode 14.0";
			developmentRegion = en;
			hasScannedForEncodings = 0;
			knownRegions = (
				en,
				Base,
			);
			mainGroup = F9D3EEC92AB6F4BB00CD0310;
			productRefGroup = F9D3EED32AB6F4BC00CD0310 /* Products */;
			projectDirPath = "";
			projectRoot = "";
			targets = (
				F9D3EED12AB6F4BC00CD0310 /* coredataTotoList */,
			);
		};
/* End PBXProject section */

/* Begin PBXResourcesBuildPhase section */
		F9D3EED02AB6F4BC00CD0310 /* Resources */ = {
			isa = PBXResourcesBuildPhase;
			buildActionMask = 2147483647;
			files = (
				F9D3EF102AB6F6C200CD0310 /* .gitignore in Resources */,
				F9D3EEE22AB6F4BE00CD0310 /* LaunchScreen.storyboard in Resources */,
				F9D3EEDF2AB6F4BE00CD0310 /* Assets.xcassets in Resources */,
				F9D3EEDD2AB6F4BC00CD0310 /* Main.storyboard in Resources */,
			);
			runOnlyForDeploymentPostprocessing = 0;
		};
/* End PBXResourcesBuildPhase section */

/* Begin PBXSourcesBuildPhase section */
		F9D3EECE2AB6F4BC00CD0310 /* Sources */ = {
			isa = PBXSourcesBuildPhase;
			buildActionMask = 2147483647;
			files = (
				F9D3EED62AB6F4BC00CD0310 /* AppDelegate.swift in Sources */,
				F9D3EF062AB6F5F700CD0310 /* DetailView.swift in Sources */,
				F9675E6E2AB82888006974E7 /* CollectionFooterView.swift in Sources */,
				F9D3EEF42AB6F57700CD0310 /* CoreDatamanager.swift in Sources */,
				F95CF92B2AB92DCB0020EE18 /* Task+CoreDataProperties.swift in Sources */,
				F9D3EF022AB6F5D500CD0310 /* ProfileViewController.swift in Sources */,
				F95CF92D2AB9347D0020EE18 /* ProfileManager.swift in Sources */,
				F95CF9282AB92DCB0020EE18 /* Category+CoreDataClass.swift in Sources */,
				F9D3EF0E2AB6F64A00CD0310 /* ProfileCollectionViewCell.swift in Sources */,
				F95CF9292AB92DCB0020EE18 /* Category+CoreDataProperties.swift in Sources */,
				F9D3EEFC2AB6F5AE00CD0310 /* TodoViewController.swift in Sources */,
				F95CF9232AB92AA90020EE18 /* TodoModel.xcdatamodeld in Sources */,
				F9D3EEF82AB6F59300CD0310 /* Coordinator.swift in Sources */,
				F9D3EEFA2AB6F5A400CD0310 /* MainViewController.swift in Sources */,
				F9675E6C2AB756F2006974E7 /* ProfileView.swift in Sources */,
				F9D3EF0C2AB6F63500CD0310 /* CompletedTableViewCell.swift in Sources */,
				F95CF9362AB9D0F30020EE18 /* ProfileCoordinator.swift in Sources */,
				F95CF9342AB9D0490020EE18 /* TodoCoordinator.swift in Sources */,
				F95CF9322AB9CD260020EE18 /* CompletedCoordinator.swift in Sources */,
				F9D3EF082AB6F61F00CD0310 /* TodoTableViewCell.swift in Sources */,
				F9D3EEF62AB6F58400CD0310 /* ViewModel.swift in Sources */,
				F95CF9382AB9D22D0020EE18 /* DetailCoordinator.swift in Sources */,
				F95CF92A2AB92DCB0020EE18 /* Task+CoreDataClass.swift in Sources */,
				F9D3EF042AB6F5EB00CD0310 /* MainView.swift in Sources */,
				F9D3EF002AB6F5C300CD0310 /* CompletedViewController.swift in Sources */,
				F9D3EED82AB6F4BC00CD0310 /* SceneDelegate.swift in Sources */,
				F95CF92F2AB9CA610020EE18 /* MainCodinator.swift in Sources */,
				F9D3EEFE2AB6F5B400CD0310 /* DetailViewController.swift in Sources */,
			);
			runOnlyForDeploymentPostprocessing = 0;
		};
/* End PBXSourcesBuildPhase section */

/* Begin PBXVariantGroup section */
		F9D3EEDB2AB6F4BC00CD0310 /* Main.storyboard */ = {
			isa = PBXVariantGroup;
			children = (
				F9D3EEDC2AB6F4BC00CD0310 /* Base */,
			);
			name = Main.storyboard;
			sourceTree = "<group>";
		};
		F9D3EEE02AB6F4BE00CD0310 /* LaunchScreen.storyboard */ = {
			isa = PBXVariantGroup;
			children = (
				F9D3EEE12AB6F4BE00CD0310 /* Base */,
			);
			name = LaunchScreen.storyboard;
			sourceTree = "<group>";
		};
/* End PBXVariantGroup section */

/* Begin XCBuildConfiguration section */
		F9D3EEE42AB6F4BE00CD0310 /* Debug */ = {
			isa = XCBuildConfiguration;
			buildSettings = {
				ALWAYS_SEARCH_USER_PATHS = NO;
				CLANG_ANALYZER_NONNULL = YES;
				CLANG_ANALYZER_NUMBER_OBJECT_CONVERSION = YES_AGGRESSIVE;
				CLANG_CXX_LANGUAGE_STANDARD = "gnu++20";
				CLANG_ENABLE_MODULES = YES;
				CLANG_ENABLE_OBJC_ARC = YES;
				CLANG_ENABLE_OBJC_WEAK = YES;
				CLANG_WARN_BLOCK_CAPTURE_AUTORELEASING = YES;
				CLANG_WARN_BOOL_CONVERSION = YES;
				CLANG_WARN_COMMA = YES;
				CLANG_WARN_CONSTANT_CONVERSION = YES;
				CLANG_WARN_DEPRECATED_OBJC_IMPLEMENTATIONS = YES;
				CLANG_WARN_DIRECT_OBJC_ISA_USAGE = YES_ERROR;
				CLANG_WARN_DOCUMENTATION_COMMENTS = YES;
				CLANG_WARN_EMPTY_BODY = YES;
				CLANG_WARN_ENUM_CONVERSION = YES;
				CLANG_WARN_INFINITE_RECURSION = YES;
				CLANG_WARN_INT_CONVERSION = YES;
				CLANG_WARN_NON_LITERAL_NULL_CONVERSION = YES;
				CLANG_WARN_OBJC_IMPLICIT_RETAIN_SELF = YES;
				CLANG_WARN_OBJC_LITERAL_CONVERSION = YES;
				CLANG_WARN_OBJC_ROOT_CLASS = YES_ERROR;
				CLANG_WARN_QUOTED_INCLUDE_IN_FRAMEWORK_HEADER = YES;
				CLANG_WARN_RANGE_LOOP_ANALYSIS = YES;
				CLANG_WARN_STRICT_PROTOTYPES = YES;
				CLANG_WARN_SUSPICIOUS_MOVE = YES;
				CLANG_WARN_UNGUARDED_AVAILABILITY = YES_AGGRESSIVE;
				CLANG_WARN_UNREACHABLE_CODE = YES;
				CLANG_WARN__DUPLICATE_METHOD_MATCH = YES;
				COPY_PHASE_STRIP = NO;
				DEBUG_INFORMATION_FORMAT = dwarf;
				ENABLE_STRICT_OBJC_MSGSEND = YES;
				ENABLE_TESTABILITY = YES;
				GCC_C_LANGUAGE_STANDARD = gnu11;
				GCC_DYNAMIC_NO_PIC = NO;
				GCC_NO_COMMON_BLOCKS = YES;
				GCC_OPTIMIZATION_LEVEL = 0;
				GCC_PREPROCESSOR_DEFINITIONS = (
					"DEBUG=1",
					"$(inherited)",
				);
				GCC_WARN_64_TO_32_BIT_CONVERSION = YES;
				GCC_WARN_ABOUT_RETURN_TYPE = YES_ERROR;
				GCC_WARN_UNDECLARED_SELECTOR = YES;
				GCC_WARN_UNINITIALIZED_AUTOS = YES_AGGRESSIVE;
				GCC_WARN_UNUSED_FUNCTION = YES;
				GCC_WARN_UNUSED_VARIABLE = YES;
				IPHONEOS_DEPLOYMENT_TARGET = 16.4;
				MTL_ENABLE_DEBUG_INFO = INCLUDE_SOURCE;
				MTL_FAST_MATH = YES;
				ONLY_ACTIVE_ARCH = YES;
				SDKROOT = iphoneos;
				SWIFT_ACTIVE_COMPILATION_CONDITIONS = DEBUG;
				SWIFT_OPTIMIZATION_LEVEL = "-Onone";
			};
			name = Debug;
		};
		F9D3EEE52AB6F4BE00CD0310 /* Release */ = {
			isa = XCBuildConfiguration;
			buildSettings = {
				ALWAYS_SEARCH_USER_PATHS = NO;
				CLANG_ANALYZER_NONNULL = YES;
				CLANG_ANALYZER_NUMBER_OBJECT_CONVERSION = YES_AGGRESSIVE;
				CLANG_CXX_LANGUAGE_STANDARD = "gnu++20";
				CLANG_ENABLE_MODULES = YES;
				CLANG_ENABLE_OBJC_ARC = YES;
				CLANG_ENABLE_OBJC_WEAK = YES;
				CLANG_WARN_BLOCK_CAPTURE_AUTORELEASING = YES;
				CLANG_WARN_BOOL_CONVERSION = YES;
				CLANG_WARN_COMMA = YES;
				CLANG_WARN_CONSTANT_CONVERSION = YES;
				CLANG_WARN_DEPRECATED_OBJC_IMPLEMENTATIONS = YES;
				CLANG_WARN_DIRECT_OBJC_ISA_USAGE = YES_ERROR;
				CLANG_WARN_DOCUMENTATION_COMMENTS = YES;
				CLANG_WARN_EMPTY_BODY = YES;
				CLANG_WARN_ENUM_CONVERSION = YES;
				CLANG_WARN_INFINITE_RECURSION = YES;
				CLANG_WARN_INT_CONVERSION = YES;
				CLANG_WARN_NON_LITERAL_NULL_CONVERSION = YES;
				CLANG_WARN_OBJC_IMPLICIT_RETAIN_SELF = YES;
				CLANG_WARN_OBJC_LITERAL_CONVERSION = YES;
				CLANG_WARN_OBJC_ROOT_CLASS = YES_ERROR;
				CLANG_WARN_QUOTED_INCLUDE_IN_FRAMEWORK_HEADER = YES;
				CLANG_WARN_RANGE_LOOP_ANALYSIS = YES;
				CLANG_WARN_STRICT_PROTOTYPES = YES;
				CLANG_WARN_SUSPICIOUS_MOVE = YES;
				CLANG_WARN_UNGUARDED_AVAILABILITY = YES_AGGRESSIVE;
				CLANG_WARN_UNREACHABLE_CODE = YES;
				CLANG_WARN__DUPLICATE_METHOD_MATCH = YES;
				COPY_PHASE_STRIP = NO;
				DEBUG_INFORMATION_FORMAT = "dwarf-with-dsym";
				ENABLE_NS_ASSERTIONS = NO;
				ENABLE_STRICT_OBJC_MSGSEND = YES;
				GCC_C_LANGUAGE_STANDARD = gnu11;
				GCC_NO_COMMON_BLOCKS = YES;
				GCC_WARN_64_TO_32_BIT_CONVERSION = YES;
				GCC_WARN_ABOUT_RETURN_TYPE = YES_ERROR;
				GCC_WARN_UNDECLARED_SELECTOR = YES;
				GCC_WARN_UNINITIALIZED_AUTOS = YES_AGGRESSIVE;
				GCC_WARN_UNUSED_FUNCTION = YES;
				GCC_WARN_UNUSED_VARIABLE = YES;
				IPHONEOS_DEPLOYMENT_TARGET = 16.4;
				MTL_ENABLE_DEBUG_INFO = NO;
				MTL_FAST_MATH = YES;
				SDKROOT = iphoneos;
				SWIFT_COMPILATION_MODE = wholemodule;
				SWIFT_OPTIMIZATION_LEVEL = "-O";
				VALIDATE_PRODUCT = YES;
			};
			name = Release;
		};
		F9D3EEE72AB6F4BE00CD0310 /* Debug */ = {
			isa = XCBuildConfiguration;
			buildSettings = {
				ASSETCATALOG_COMPILER_APPICON_NAME = AppIcon;
				ASSETCATALOG_COMPILER_GLOBAL_ACCENT_COLOR_NAME = AccentColor;
				CODE_SIGN_STYLE = Automatic;
				CURRENT_PROJECT_VERSION = 1;
				DEVELOPMENT_TEAM = 52TADTDD5Y;
				GENERATE_INFOPLIST_FILE = YES;
				INFOPLIST_FILE = coredataTotoList/Info.plist;
				INFOPLIST_KEY_UIApplicationSupportsIndirectInputEvents = YES;
				INFOPLIST_KEY_UILaunchStoryboardName = LaunchScreen;
				INFOPLIST_KEY_UISupportedInterfaceOrientations_iPad = "UIInterfaceOrientationPortrait UIInterfaceOrientationPortraitUpsideDown UIInterfaceOrientationLandscapeLeft UIInterfaceOrientationLandscapeRight";
				INFOPLIST_KEY_UISupportedInterfaceOrientations_iPhone = "UIInterfaceOrientationPortrait UIInterfaceOrientationLandscapeLeft UIInterfaceOrientationLandscapeRight";
				LD_RUNPATH_SEARCH_PATHS = (
					"$(inherited)",
					"@executable_path/Frameworks",
				);
				MARKETING_VERSION = 1.0;
				PRODUCT_BUNDLE_IDENTIFIER = kwangjo93.com.coredataTotoList;
				PRODUCT_NAME = "$(TARGET_NAME)";
				SWIFT_EMIT_LOC_STRINGS = YES;
				SWIFT_VERSION = 5.0;
				TARGETED_DEVICE_FAMILY = "1,2";
			};
			name = Debug;
		};
		F9D3EEE82AB6F4BE00CD0310 /* Release */ = {
			isa = XCBuildConfiguration;
			buildSettings = {
				ASSETCATALOG_COMPILER_APPICON_NAME = AppIcon;
				ASSETCATALOG_COMPILER_GLOBAL_ACCENT_COLOR_NAME = AccentColor;
				CODE_SIGN_STYLE = Automatic;
				CURRENT_PROJECT_VERSION = 1;
				DEVELOPMENT_TEAM = 52TADTDD5Y;
				GENERATE_INFOPLIST_FILE = YES;
				INFOPLIST_FILE = coredataTotoList/Info.plist;
				INFOPLIST_KEY_UIApplicationSupportsIndirectInputEvents = YES;
				INFOPLIST_KEY_UILaunchStoryboardName = LaunchScreen;
				INFOPLIST_KEY_UISupportedInterfaceOrientations_iPad = "UIInterfaceOrientationPortrait UIInterfaceOrientationPortraitUpsideDown UIInterfaceOrientationLandscapeLeft UIInterfaceOrientationLandscapeRight";
				INFOPLIST_KEY_UISupportedInterfaceOrientations_iPhone = "UIInterfaceOrientationPortrait UIInterfaceOrientationLandscapeLeft UIInterfaceOrientationLandscapeRight";
				LD_RUNPATH_SEARCH_PATHS = (
					"$(inherited)",
					"@executable_path/Frameworks",
				);
				MARKETING_VERSION = 1.0;
				PRODUCT_BUNDLE_IDENTIFIER = kwangjo93.com.coredataTotoList;
				PRODUCT_NAME = "$(TARGET_NAME)";
				SWIFT_EMIT_LOC_STRINGS = YES;
				SWIFT_VERSION = 5.0;
				TARGETED_DEVICE_FAMILY = "1,2";
			};
			name = Release;
		};
/* End XCBuildConfiguration section */

/* Begin XCConfigurationList section */
		F9D3EECD2AB6F4BB00CD0310 /* Build configuration list for PBXProject "coredataTotoList" */ = {
			isa = XCConfigurationList;
			buildConfigurations = (
				F9D3EEE42AB6F4BE00CD0310 /* Debug */,
				F9D3EEE52AB6F4BE00CD0310 /* Release */,
			);
			defaultConfigurationIsVisible = 0;
			defaultConfigurationName = Release;
		};
		F9D3EEE62AB6F4BE00CD0310 /* Build configuration list for PBXNativeTarget "coredataTotoList" */ = {
			isa = XCConfigurationList;
			buildConfigurations = (
				F9D3EEE72AB6F4BE00CD0310 /* Debug */,
				F9D3EEE82AB6F4BE00CD0310 /* Release */,
			);
			defaultConfigurationIsVisible = 0;
			defaultConfigurationName = Release;
		};
/* End XCConfigurationList section */

/* Begin XCVersionGroup section */
		F95CF9212AB92AA90020EE18 /* TodoModel.xcdatamodeld */ = {
			isa = XCVersionGroup;
			children = (
				F95CF9222AB92AA90020EE18 /* TodoModel.xcdatamodel */,
			);
			currentVersion = F95CF9222AB92AA90020EE18 /* TodoModel.xcdatamodel */;
			path = TodoModel.xcdatamodeld;
			sourceTree = "<group>";
			versionGroupType = wrapper.xcdatamodel;
		};
/* End XCVersionGroup section */
	};
	rootObject = F9D3EECA2AB6F4BB00CD0310 /* Project object */;
}
